
Microsoft Visual Studio Solution File, Format Version 11.00
# Visual Studio 2010
Project("{FAE04EC0-301F-11D3-BF4B-00C04F79EFBC}") = "CEGMarket", "CEGMarket\CEGMarket.csproj", "{af0f9dbd-46ff-4506-93a7-d76037234635}"
EndProject
Global
	GlobalSection(SolutionConfigurationPlatforms) = preSolution
		Debug|Any CPU = Debug|Any CPU
		Release|Any CPU = Release|Any CPU
	EndGlobalSection
	GlobalSection(ProjectConfigurationPlatforms) = postSolution
		{AF0F9DBD-46FF-4506-93A7-D76037234635}.Debug|Any CPU.ActiveCfg = Debug|Any CPU
		{AF0F9DBD-46FF-4506-93A7-D76037234635}.Debug|Any CPU.Build.0 = Debug|Any CPU
		{AF0F9DBD-46FF-4506-93A7-D76037234635}.Release|Any CPU.ActiveCfg = Release|Any CPU
		{AF0F9DBD-46FF-4506-93A7-D76037234635}.Release|Any CPU.Build.0 = Release|Any CPU
	EndGlobalSection
EndGlobal
